
Microsoft Visual Studio Solution File, Format Version 12.00
# Visual Studio Version 17
VisualStudioVersion = 17.1.32210.238
MinimumVisualStudioVersion = 10.0.40219.1
Project("{FAE04EC0-301F-11D3-BF4B-00C04F79EFBC}") = "ConsoleApp2", "ConsoleApp2\ConsoleApp2.csproj", "{21308C25-A1A2-4D96-9C65-2AE00145A6BC}"
EndProject
Global
	GlobalSection(SolutionConfigurationPlatforms) = preSolution
		Debug|Any CPU = Debug|Any CPU
		Release|Any CPU = Release|Any CPU
	EndGlobalSection
	GlobalSection(ProjectConfigurationPlatforms) = postSolution
		{21308C25-A1A2-4D96-9C65-2AE00145A6BC}.Debug|Any CPU.ActiveCfg = Debug|Any CPU
		{21308C25-A1A2-4D96-9C65-2AE00145A6BC}.Debug|Any CPU.Build.0 = Debug|Any CPU
		{21308C25-A1A2-4D96-9C65-2AE00145A6BC}.Release|Any CPU.ActiveCfg = Release|Any CPU
		{21308C25-A1A2-4D96-9C65-2AE00145A6BC}.Release|Any CPU.Build.0 = Release|Any CPU
	EndGlobalSection
	GlobalSection(SolutionProperties) = preSolution
		HideSolutionNode = FALSE
	EndGlobalSection
	GlobalSection(ExtensibilityGlobals) = postSolution
		SolutionGuid = {948596ED-CD43-464A-89AD-647C303B7BD8}
	EndGlobalSection
EndGlobal
