
Microsoft Visual Studio Solution File, Format Version 12.00
# Visual Studio Version 17
VisualStudioVersion = 17.1.32421.90
MinimumVisualStudioVersion = 10.0.40219.1
Project("{9A19103F-16F7-4668-BE54-9A1E7A4F7556}") = "ClientUI", "ClientUI\ClientUI.csproj", "{9B345AD0-0AE6-4D01-BF95-9E18E6D6D091}"
EndProject
Global
	GlobalSection(SolutionConfigurationPlatforms) = preSolution
		Debug|Any CPU = Debug|Any CPU
		Release|Any CPU = Release|Any CPU
	EndGlobalSection
	GlobalSection(ProjectConfigurationPlatforms) = postSolution
		{9B345AD0-0AE6-4D01-BF95-9E18E6D6D091}.Debug|Any CPU.ActiveCfg = Debug|Any CPU
		{9B345AD0-0AE6-4D01-BF95-9E18E6D6D091}.Debug|Any CPU.Build.0 = Debug|Any CPU
		{9B345AD0-0AE6-4D01-BF95-9E18E6D6D091}.Release|Any CPU.ActiveCfg = Release|Any CPU
		{9B345AD0-0AE6-4D01-BF95-9E18E6D6D091}.Release|Any CPU.Build.0 = Release|Any CPU
	EndGlobalSection
	GlobalSection(SolutionProperties) = preSolution
		HideSolutionNode = FALSE
	EndGlobalSection
	GlobalSection(ExtensibilityGlobals) = postSolution
		SolutionGuid = {17A23C5C-73BE-4311-8EE0-B93F97DBA9BD}
	EndGlobalSection
EndGlobal
