
Microsoft Visual Studio Solution File, Format Version 12.00
# Visual Studio Version 17
VisualStudioVersion = 17.1.32421.90
MinimumVisualStudioVersion = 10.0.40219.1
Project("{9A19103F-16F7-4668-BE54-9A1E7A4F7556}") = "WpfApp1", "WpfApp1\WpfApp1.csproj", "{FE362149-26C1-46F2-B647-EB8E92A29971}"
EndProject
Project("{FAE04EC0-301F-11D3-BF4B-00C04F79EFBC}") = "ConsoleApp1", "ConsoleApp1\ConsoleApp1.csproj", "{C98CBDA2-8E34-4323-93A9-4E8B92CEB6AC}"
EndProject
Global
	GlobalSection(SolutionConfigurationPlatforms) = preSolution
		Debug|Any CPU = Debug|Any CPU
		Release|Any CPU = Release|Any CPU
	EndGlobalSection
	GlobalSection(ProjectConfigurationPlatforms) = postSolution
		{FE362149-26C1-46F2-B647-EB8E92A29971}.Debug|Any CPU.ActiveCfg = Debug|Any CPU
		{FE362149-26C1-46F2-B647-EB8E92A29971}.Debug|Any CPU.Build.0 = Debug|Any CPU
		{FE362149-26C1-46F2-B647-EB8E92A29971}.Release|Any CPU.ActiveCfg = Release|Any CPU
		{FE362149-26C1-46F2-B647-EB8E92A29971}.Release|Any CPU.Build.0 = Release|Any CPU
		{C98CBDA2-8E34-4323-93A9-4E8B92CEB6AC}.Debug|Any CPU.ActiveCfg = Debug|Any CPU
		{C98CBDA2-8E34-4323-93A9-4E8B92CEB6AC}.Debug|Any CPU.Build.0 = Debug|Any CPU
		{C98CBDA2-8E34-4323-93A9-4E8B92CEB6AC}.Release|Any CPU.ActiveCfg = Release|Any CPU
		{C98CBDA2-8E34-4323-93A9-4E8B92CEB6AC}.Release|Any CPU.Build.0 = Release|Any CPU
	EndGlobalSection
	GlobalSection(SolutionProperties) = preSolution
		HideSolutionNode = FALSE
	EndGlobalSection
	GlobalSection(ExtensibilityGlobals) = postSolution
		SolutionGuid = {5666BA3D-6DE5-4277-992A-400EFF232F70}
	EndGlobalSection
EndGlobal
